
Microsoft Visual Studio Solution File, Format Version 12.00
# Visual Studio Version 17
VisualStudioVersion = 17.6.33815.320
MinimumVisualStudioVersion = 10.0.40219.1
Project("{FAE04EC0-301F-11D3-BF4B-00C04F79EFBC}") = "Deliverable (2)", "Deliverable (2).csproj", "{F16DA5D2-83CA-4515-8CCB-837413F40510}"
EndProject
Global
	GlobalSection(SolutionConfigurationPlatforms) = preSolution
		Debug|Any CPU = Debug|Any CPU
		Release|Any CPU = Release|Any CPU
	EndGlobalSection
	GlobalSection(ProjectConfigurationPlatforms) = postSolution
		{F16DA5D2-83CA-4515-8CCB-837413F40510}.Debug|Any CPU.ActiveCfg = Debug|Any CPU
		{F16DA5D2-83CA-4515-8CCB-837413F40510}.Debug|Any CPU.Build.0 = Debug|Any CPU
		{F16DA5D2-83CA-4515-8CCB-837413F40510}.Release|Any CPU.ActiveCfg = Release|Any CPU
		{F16DA5D2-83CA-4515-8CCB-837413F40510}.Release|Any CPU.Build.0 = Release|Any CPU
	EndGlobalSection
	GlobalSection(SolutionProperties) = preSolution
		HideSolutionNode = FALSE
	EndGlobalSection
	GlobalSection(ExtensibilityGlobals) = postSolution
		SolutionGuid = {3AD692C5-22F3-4F42-8EAC-5FE0497E308B}
	EndGlobalSection
EndGlobal
